// !$*UTF8*$!
{
	archiveVersion = 1;
	classes = {
	};
	objectVersion = 54;
	objects = {

/* Begin PBXBuildFile section */
		00E356F31AD99517003FC87E /* TestProjectLib1Tests.m in Sources */ = {isa = PBXBuildFile; fileRef = 00E356F21AD99517003FC87E /* TestProjectLib1Tests.m */; };
		01DDDE07701041B0B556AE87 /* Inter-ExtraLightItalic.otf in Resources */ = {isa = PBXBuildFile; fileRef = F42C1F6B08C94AE38C838893 /* Inter-ExtraLightItalic.otf */; };
		0C80B921A6F3F58F76C31292 /* libPods-TestProjectLib1.a in Frameworks */ = {isa = PBXBuildFile; fileRef = 5DCACB8F33CDC322A6C60F78 /* libPods-TestProjectLib1.a */; };
		13B07FBC1A68108700A75B9A /* AppDelegate.mm in Sources */ = {isa = PBXBuildFile; fileRef = 13B07FB01A68108700A75B9A /* AppDelegate.mm */; };
		13B07FBF1A68108700A75B9A /* Images.xcassets in Resources */ = {isa = PBXBuildFile; fileRef = 13B07FB51A68108700A75B9A /* Images.xcassets */; };
		13B07FC11A68108700A75B9A /* main.m in Sources */ = {isa = PBXBuildFile; fileRef = 13B07FB71A68108700A75B9A /* main.m */; };
		1B4BF15E1BBD4A2DB5672DF5 /* Inter-MediumItalic.otf in Resources */ = {isa = PBXBuildFile; fileRef = 960951E5722A4F1F8432DA4D /* Inter-MediumItalic.otf */; };
		1D49DDAC8FCE44F297472287 /* Inter-Black.otf in Resources */ = {isa = PBXBuildFile; fileRef = 3E0E627CABE94E1EA742A81D /* Inter-Black.otf */; };
		4007C8A1FA2F4F759CFE2850 /* Inter-ExtraBoldItalic.otf in Resources */ = {isa = PBXBuildFile; fileRef = 56AF00FBA1124846988E5506 /* Inter-ExtraBoldItalic.otf */; };
		44877DAED54E4819BB80D2CC /* Inter-ThinItalic.otf in Resources */ = {isa = PBXBuildFile; fileRef = 7D4090EA66D2416A9E11AE56 /* Inter-ThinItalic.otf */; };
		4935029E11D346CC8B0FD778 /* Inter-SemiBold.otf in Resources */ = {isa = PBXBuildFile; fileRef = 5F9B88C95BA048929D850722 /* Inter-SemiBold.otf */; };
		4FD132A3A3A740BD8D5A19F2 /* Inter-ExtraLight.otf in Resources */ = {isa = PBXBuildFile; fileRef = AE64806283084B089A5BCC03 /* Inter-ExtraLight.otf */; };
		6C245C5029E92CC20038A85A /* Inter-Bold.otf in Resources */ = {isa = PBXBuildFile; fileRef = 6C245C3E29E92CC20038A85A /* Inter-Bold.otf */; };
		6C245C5129E92CC20038A85A /* Inter-Regular.otf in Resources */ = {isa = PBXBuildFile; fileRef = 6C245C3F29E92CC20038A85A /* Inter-Regular.otf */; };
		6C245C5229E92CC20038A85A /* Inter-SemiBoldItalic.otf in Resources */ = {isa = PBXBuildFile; fileRef = 6C245C4029E92CC20038A85A /* Inter-SemiBoldItalic.otf */; };
		6C245C5329E92CC20038A85A /* Inter-Thin.otf in Resources */ = {isa = PBXBuildFile; fileRef = 6C245C4129E92CC20038A85A /* Inter-Thin.otf */; };
		6C245C5429E92CC20038A85A /* Inter-Light.otf in Resources */ = {isa = PBXBuildFile; fileRef = 6C245C4229E92CC20038A85A /* Inter-Light.otf */; };
		6C245C5529E92CC20038A85A /* Inter-ExtraLightItalic.otf in Resources */ = {isa = PBXBuildFile; fileRef = 6C245C4329E92CC20038A85A /* Inter-ExtraLightItalic.otf */; };
		6C245C5629E92CC20038A85A /* Inter-Medium.otf in Resources */ = {isa = PBXBuildFile; fileRef = 6C245C4429E92CC20038A85A /* Inter-Medium.otf */; };
		6C245C5729E92CC20038A85A /* Inter-SemiBold.otf in Resources */ = {isa = PBXBuildFile; fileRef = 6C245C4529E92CC20038A85A /* Inter-SemiBold.otf */; };
		6C245C5829E92CC20038A85A /* Inter-BlackItalic.otf in Resources */ = {isa = PBXBuildFile; fileRef = 6C245C4629E92CC20038A85A /* Inter-BlackItalic.otf */; };
		6C245C5929E92CC20038A85A /* Inter-MediumItalic.otf in Resources */ = {isa = PBXBuildFile; fileRef = 6C245C4729E92CC20038A85A /* Inter-MediumItalic.otf */; };
		6C245C5A29E92CC20038A85A /* Inter-Black.otf in Resources */ = {isa = PBXBuildFile; fileRef = 6C245C4829E92CC20038A85A /* Inter-Black.otf */; };
		6C245C5B29E92CC20038A85A /* Inter-Italic.otf in Resources */ = {isa = PBXBuildFile; fileRef = 6C245C4929E92CC20038A85A /* Inter-Italic.otf */; };
		6C245C5C29E92CC20038A85A /* Inter-ExtraBold.otf in Resources */ = {isa = PBXBuildFile; fileRef = 6C245C4A29E92CC20038A85A /* Inter-ExtraBold.otf */; };
		6C245C5D29E92CC20038A85A /* Inter-ThinItalic.otf in Resources */ = {isa = PBXBuildFile; fileRef = 6C245C4B29E92CC20038A85A /* Inter-ThinItalic.otf */; };
		6C245C5E29E92CC20038A85A /* Inter-ExtraLight.otf in Resources */ = {isa = PBXBuildFile; fileRef = 6C245C4C29E92CC20038A85A /* Inter-ExtraLight.otf */; };
		6C245C5F29E92CC20038A85A /* Inter-ExtraBoldItalic.otf in Resources */ = {isa = PBXBuildFile; fileRef = 6C245C4D29E92CC20038A85A /* Inter-ExtraBoldItalic.otf */; };
		6C245C6029E92CC20038A85A /* Inter-BoldItalic.otf in Resources */ = {isa = PBXBuildFile; fileRef = 6C245C4E29E92CC20038A85A /* Inter-BoldItalic.otf */; };
		6C245C6129E92CC20038A85A /* Inter-LightItalic.otf in Resources */ = {isa = PBXBuildFile; fileRef = 6C245C4F29E92CC20038A85A /* Inter-LightItalic.otf */; };
		6C77420D29E6DCAA00C0E6FA /* Fontisto.ttf in Resources */ = {isa = PBXBuildFile; fileRef = 6C7741FD29E6DCAA00C0E6FA /* Fontisto.ttf */; };
		6C77420E29E6DCAA00C0E6FA /* Octicons.ttf in Resources */ = {isa = PBXBuildFile; fileRef = 6C7741FE29E6DCAA00C0E6FA /* Octicons.ttf */; };
		6C77420F29E6DCAA00C0E6FA /* Feather.ttf in Resources */ = {isa = PBXBuildFile; fileRef = 6C7741FF29E6DCAA00C0E6FA /* Feather.ttf */; };
		6C77421029E6DCAA00C0E6FA /* Entypo.ttf in Resources */ = {isa = PBXBuildFile; fileRef = 6C77420029E6DCAA00C0E6FA /* Entypo.ttf */; };
		6C77421129E6DCAA00C0E6FA /* FontAwesome5_Brands.ttf in Resources */ = {isa = PBXBuildFile; fileRef = 6C77420129E6DCAA00C0E6FA /* FontAwesome5_Brands.ttf */; };
		6C77421229E6DCAA00C0E6FA /* MaterialCommunityIcons.ttf in Resources */ = {isa = PBXBuildFile; fileRef = 6C77420229E6DCAA00C0E6FA /* MaterialCommunityIcons.ttf */; };
		6C77421329E6DCAA00C0E6FA /* AntDesign.ttf in Resources */ = {isa = PBXBuildFile; fileRef = 6C77420329E6DCAA00C0E6FA /* AntDesign.ttf */; };
		6C77421429E6DCAA00C0E6FA /* Foundation.ttf in Resources */ = {isa = PBXBuildFile; fileRef = 6C77420429E6DCAA00C0E6FA /* Foundation.ttf */; };
		6C77421529E6DCAA00C0E6FA /* Ionicons.ttf in Resources */ = {isa = PBXBuildFile; fileRef = 6C77420529E6DCAA00C0E6FA /* Ionicons.ttf */; };
		6C77421629E6DCAA00C0E6FA /* FontAwesome5_Solid.ttf in Resources */ = {isa = PBXBuildFile; fileRef = 6C77420629E6DCAA00C0E6FA /* FontAwesome5_Solid.ttf */; };
		6C77421729E6DCAA00C0E6FA /* FontAwesome5_Regular.ttf in Resources */ = {isa = PBXBuildFile; fileRef = 6C77420729E6DCAA00C0E6FA /* FontAwesome5_Regular.ttf */; };
		6C77421829E6DCAA00C0E6FA /* FontAwesome.ttf in Resources */ = {isa = PBXBuildFile; fileRef = 6C77420829E6DCAA00C0E6FA /* FontAwesome.ttf */; };
		6C77421929E6DCAA00C0E6FA /* Zocial.ttf in Resources */ = {isa = PBXBuildFile; fileRef = 6C77420929E6DCAA00C0E6FA /* Zocial.ttf */; };
		6C77421A29E6DCAA00C0E6FA /* EvilIcons.ttf in Resources */ = {isa = PBXBuildFile; fileRef = 6C77420A29E6DCAA00C0E6FA /* EvilIcons.ttf */; };
		6C77421B29E6DCAA00C0E6FA /* SimpleLineIcons.ttf in Resources */ = {isa = PBXBuildFile; fileRef = 6C77420B29E6DCAA00C0E6FA /* SimpleLineIcons.ttf */; };
		6C77421C29E6DCAA00C0E6FA /* MaterialIcons.ttf in Resources */ = {isa = PBXBuildFile; fileRef = 6C77420C29E6DCAA00C0E6FA /* MaterialIcons.ttf */; };
		7699B88040F8A987B510C191 /* libPods-TestProjectLib1-TestProjectLib1Tests.a in Frameworks */ = {isa = PBXBuildFile; fileRef = 19F6CBCC0A4E27FBF8BF4A61 /* libPods-TestProjectLib1-TestProjectLib1Tests.a */; };
		7C8C38CC8D3F45A98F961F40 /* Inter-Medium.otf in Resources */ = {isa = PBXBuildFile; fileRef = 9D74E92E9F6E4FAD930795E9 /* Inter-Medium.otf */; };
		7D577639B11B4A5287C75BEF /* Inter-ExtraBold.otf in Resources */ = {isa = PBXBuildFile; fileRef = F61F48E34D3B4DB5A4700EC0 /* Inter-ExtraBold.otf */; };
		7E73F2FE8E014AE6AA1493A2 /* Inter-Regular.otf in Resources */ = {isa = PBXBuildFile; fileRef = 425721881C7D4C7C84A386E4 /* Inter-Regular.otf */; };
		81AB9BB82411601600AC10FF /* LaunchScreen.storyboard in Resources */ = {isa = PBXBuildFile; fileRef = 81AB9BB72411601600AC10FF /* LaunchScreen.storyboard */; };
		9BB51F023FAD45CB82B9BEED /* Inter-LightItalic.otf in Resources */ = {isa = PBXBuildFile; fileRef = 7F14A8E7A73746B188DFB6E7 /* Inter-LightItalic.otf */; };
		B06BD75B4E9B4A0BB6F11E82 /* Inter-BlackItalic.otf in Resources */ = {isa = PBXBuildFile; fileRef = F58CBF888F494C52917604AF /* Inter-BlackItalic.otf */; };
		BD8566870EE040508CAE11C2 /* Inter-BoldItalic.otf in Resources */ = {isa = PBXBuildFile; fileRef = 92145A930A644AFAA2D52AA5 /* Inter-BoldItalic.otf */; };
		BDA56EC85F464AF391A9702A /* Inter-Light.otf in Resources */ = {isa = PBXBuildFile; fileRef = 5C8A7219F43044E09EE27D3C /* Inter-Light.otf */; };
		D5AE28D7A7FE497598D8A474 /* Inter-SemiBoldItalic.otf in Resources */ = {isa = PBXBuildFile; fileRef = FA7BCBF06194482D81597860 /* Inter-SemiBoldItalic.otf */; };
		DE347B3BF87940139CA3966C /* Inter-Italic.otf in Resources */ = {isa = PBXBuildFile; fileRef = B3DF9064B3CF479FB15C1CB1 /* Inter-Italic.otf */; };
		F78BE9451CF34E0BB0779F37 /* Inter-Bold.otf in Resources */ = {isa = PBXBuildFile; fileRef = C26C318F9FDF4049A1C485AA /* Inter-Bold.otf */; };
		FAA3F0D00F814ED3862C6697 /* Inter-Thin.otf in Resources */ = {isa = PBXBuildFile; fileRef = 49F9F3FA909C483DA1C81240 /* Inter-Thin.otf */; };
/* End PBXBuildFile section */

/* Begin PBXContainerItemProxy section */
		00E356F41AD99517003FC87E /* PBXContainerItemProxy */ = {
			isa = PBXContainerItemProxy;
			containerPortal = 83CBB9F71A601CBA00E9B192 /* Project object */;
			proxyType = 1;
			remoteGlobalIDString = 13B07F861A680F5B00A75B9A;
			remoteInfo = TestProjectLib1;
		};
/* End PBXContainerItemProxy section */

/* Begin PBXFileReference section */
		00E356EE1AD99517003FC87E /* TestProjectLib1Tests.xctest */ = {isa = PBXFileReference; explicitFileType = wrapper.cfbundle; includeInIndex = 0; path = TestProjectLib1Tests.xctest; sourceTree = BUILT_PRODUCTS_DIR; };
		00E356F11AD99517003FC87E /* Info.plist */ = {isa = PBXFileReference; lastKnownFileType = text.plist.xml; path = Info.plist; sourceTree = "<group>"; };
		00E356F21AD99517003FC87E /* TestProjectLib1Tests.m */ = {isa = PBXFileReference; lastKnownFileType = sourcecode.c.objc; path = TestProjectLib1Tests.m; sourceTree = "<group>"; };
		13B07F961A680F5B00A75B9A /* TestProjectLib1.app */ = {isa = PBXFileReference; explicitFileType = wrapper.application; includeInIndex = 0; path = TestProjectLib1.app; sourceTree = BUILT_PRODUCTS_DIR; };
		13B07FAF1A68108700A75B9A /* AppDelegate.h */ = {isa = PBXFileReference; fileEncoding = 4; lastKnownFileType = sourcecode.c.h; name = AppDelegate.h; path = TestProjectLib1/AppDelegate.h; sourceTree = "<group>"; };
		13B07FB01A68108700A75B9A /* AppDelegate.mm */ = {isa = PBXFileReference; fileEncoding = 4; lastKnownFileType = sourcecode.cpp.objcpp; name = AppDelegate.mm; path = TestProjectLib1/AppDelegate.mm; sourceTree = "<group>"; };
		13B07FB51A68108700A75B9A /* Images.xcassets */ = {isa = PBXFileReference; lastKnownFileType = folder.assetcatalog; name = Images.xcassets; path = TestProjectLib1/Images.xcassets; sourceTree = "<group>"; };
		13B07FB61A68108700A75B9A /* Info.plist */ = {isa = PBXFileReference; fileEncoding = 4; lastKnownFileType = text.plist.xml; name = Info.plist; path = TestProjectLib1/Info.plist; sourceTree = "<group>"; };
		13B07FB71A68108700A75B9A /* main.m */ = {isa = PBXFileReference; fileEncoding = 4; lastKnownFileType = sourcecode.c.objc; name = main.m; path = TestProjectLib1/main.m; sourceTree = "<group>"; };
		19F6CBCC0A4E27FBF8BF4A61 /* libPods-TestProjectLib1-TestProjectLib1Tests.a */ = {isa = PBXFileReference; explicitFileType = archive.ar; includeInIndex = 0; path = "libPods-TestProjectLib1-TestProjectLib1Tests.a"; sourceTree = BUILT_PRODUCTS_DIR; };
		3B4392A12AC88292D35C810B /* Pods-TestProjectLib1.debug.xcconfig */ = {isa = PBXFileReference; includeInIndex = 1; lastKnownFileType = text.xcconfig; name = "Pods-TestProjectLib1.debug.xcconfig"; path = "Target Support Files/Pods-TestProjectLib1/Pods-TestProjectLib1.debug.xcconfig"; sourceTree = "<group>"; };
		3E0E627CABE94E1EA742A81D /* Inter-Black.otf */ = {isa = PBXFileReference; explicitFileType = undefined; fileEncoding = 9; includeInIndex = 0; lastKnownFileType = unknown; name = "Inter-Black.otf"; path = "../node_modules/@tamagui/font-inter/otf/Inter-Black.otf"; sourceTree = "<group>"; };
		425721881C7D4C7C84A386E4 /* Inter-Regular.otf */ = {isa = PBXFileReference; explicitFileType = undefined; fileEncoding = 9; includeInIndex = 0; lastKnownFileType = unknown; name = "Inter-Regular.otf"; path = "../node_modules/@tamagui/font-inter/otf/Inter-Regular.otf"; sourceTree = "<group>"; };
		49F9F3FA909C483DA1C81240 /* Inter-Thin.otf */ = {isa = PBXFileReference; explicitFileType = undefined; fileEncoding = 9; includeInIndex = 0; lastKnownFileType = unknown; name = "Inter-Thin.otf"; path = "../node_modules/@tamagui/font-inter/otf/Inter-Thin.otf"; sourceTree = "<group>"; };
		56AF00FBA1124846988E5506 /* Inter-ExtraBoldItalic.otf */ = {isa = PBXFileReference; explicitFileType = undefined; fileEncoding = 9; includeInIndex = 0; lastKnownFileType = unknown; name = "Inter-ExtraBoldItalic.otf"; path = "../node_modules/@tamagui/font-inter/otf/Inter-ExtraBoldItalic.otf"; sourceTree = "<group>"; };
		5709B34CF0A7D63546082F79 /* Pods-TestProjectLib1.release.xcconfig */ = {isa = PBXFileReference; includeInIndex = 1; lastKnownFileType = text.xcconfig; name = "Pods-TestProjectLib1.release.xcconfig"; path = "Target Support Files/Pods-TestProjectLib1/Pods-TestProjectLib1.release.xcconfig"; sourceTree = "<group>"; };
		5B7EB9410499542E8C5724F5 /* Pods-TestProjectLib1-TestProjectLib1Tests.debug.xcconfig */ = {isa = PBXFileReference; includeInIndex = 1; lastKnownFileType = text.xcconfig; name = "Pods-TestProjectLib1-TestProjectLib1Tests.debug.xcconfig"; path = "Target Support Files/Pods-TestProjectLib1-TestProjectLib1Tests/Pods-TestProjectLib1-TestProjectLib1Tests.debug.xcconfig"; sourceTree = "<group>"; };
		5C8A7219F43044E09EE27D3C /* Inter-Light.otf */ = {isa = PBXFileReference; explicitFileType = undefined; fileEncoding = 9; includeInIndex = 0; lastKnownFileType = unknown; name = "Inter-Light.otf"; path = "../node_modules/@tamagui/font-inter/otf/Inter-Light.otf"; sourceTree = "<group>"; };
		5DCACB8F33CDC322A6C60F78 /* libPods-TestProjectLib1.a */ = {isa = PBXFileReference; explicitFileType = archive.ar; includeInIndex = 0; path = "libPods-TestProjectLib1.a"; sourceTree = BUILT_PRODUCTS_DIR; };
		5F9B88C95BA048929D850722 /* Inter-SemiBold.otf */ = {isa = PBXFileReference; explicitFileType = undefined; fileEncoding = 9; includeInIndex = 0; lastKnownFileType = unknown; name = "Inter-SemiBold.otf"; path = "../node_modules/@tamagui/font-inter/otf/Inter-SemiBold.otf"; sourceTree = "<group>"; };
		6C245C3E29E92CC20038A85A /* Inter-Bold.otf */ = {isa = PBXFileReference; lastKnownFileType = file; path = "Inter-Bold.otf"; sourceTree = "<group>"; };
		6C245C3F29E92CC20038A85A /* Inter-Regular.otf */ = {isa = PBXFileReference; lastKnownFileType = file; path = "Inter-Regular.otf"; sourceTree = "<group>"; };
		6C245C4029E92CC20038A85A /* Inter-SemiBoldItalic.otf */ = {isa = PBXFileReference; lastKnownFileType = file; path = "Inter-SemiBoldItalic.otf"; sourceTree = "<group>"; };
		6C245C4129E92CC20038A85A /* Inter-Thin.otf */ = {isa = PBXFileReference; lastKnownFileType = file; path = "Inter-Thin.otf"; sourceTree = "<group>"; };
		6C245C4229E92CC20038A85A /* Inter-Light.otf */ = {isa = PBXFileReference; lastKnownFileType = file; path = "Inter-Light.otf"; sourceTree = "<group>"; };
		6C245C4329E92CC20038A85A /* Inter-ExtraLightItalic.otf */ = {isa = PBXFileReference; lastKnownFileType = file; path = "Inter-ExtraLightItalic.otf"; sourceTree = "<group>"; };
		6C245C4429E92CC20038A85A /* Inter-Medium.otf */ = {isa = PBXFileReference; lastKnownFileType = file; path = "Inter-Medium.otf"; sourceTree = "<group>"; };
		6C245C4529E92CC20038A85A /* Inter-SemiBold.otf */ = {isa = PBXFileReference; lastKnownFileType = file; path = "Inter-SemiBold.otf"; sourceTree = "<group>"; };
		6C245C4629E92CC20038A85A /* Inter-BlackItalic.otf */ = {isa = PBXFileReference; lastKnownFileType = file; path = "Inter-BlackItalic.otf"; sourceTree = "<group>"; };
		6C245C4729E92CC20038A85A /* Inter-MediumItalic.otf */ = {isa = PBXFileReference; lastKnownFileType = file; path = "Inter-MediumItalic.otf"; sourceTree = "<group>"; };
		6C245C4829E92CC20038A85A /* Inter-Black.otf */ = {isa = PBXFileReference; lastKnownFileType = file; path = "Inter-Black.otf"; sourceTree = "<group>"; };
		6C245C4929E92CC20038A85A /* Inter-Italic.otf */ = {isa = PBXFileReference; lastKnownFileType = file; path = "Inter-Italic.otf"; sourceTree = "<group>"; };
		6C245C4A29E92CC20038A85A /* Inter-ExtraBold.otf */ = {isa = PBXFileReference; lastKnownFileType = file; path = "Inter-ExtraBold.otf"; sourceTree = "<group>"; };
		6C245C4B29E92CC20038A85A /* Inter-ThinItalic.otf */ = {isa = PBXFileReference; lastKnownFileType = file; path = "Inter-ThinItalic.otf"; sourceTree = "<group>"; };
		6C245C4C29E92CC20038A85A /* Inter-ExtraLight.otf */ = {isa = PBXFileReference; lastKnownFileType = file; path = "Inter-ExtraLight.otf"; sourceTree = "<group>"; };
		6C245C4D29E92CC20038A85A /* Inter-ExtraBoldItalic.otf */ = {isa = PBXFileReference; lastKnownFileType = file; path = "Inter-ExtraBoldItalic.otf"; sourceTree = "<group>"; };
		6C245C4E29E92CC20038A85A /* Inter-BoldItalic.otf */ = {isa = PBXFileReference; lastKnownFileType = file; path = "Inter-BoldItalic.otf"; sourceTree = "<group>"; };
		6C245C4F29E92CC20038A85A /* Inter-LightItalic.otf */ = {isa = PBXFileReference; lastKnownFileType = file; path = "Inter-LightItalic.otf"; sourceTree = "<group>"; };
		6C7741FD29E6DCAA00C0E6FA /* Fontisto.ttf */ = {isa = PBXFileReference; lastKnownFileType = file; path = Fontisto.ttf; sourceTree = "<group>"; };
		6C7741FE29E6DCAA00C0E6FA /* Octicons.ttf */ = {isa = PBXFileReference; lastKnownFileType = file; path = Octicons.ttf; sourceTree = "<group>"; };
		6C7741FF29E6DCAA00C0E6FA /* Feather.ttf */ = {isa = PBXFileReference; lastKnownFileType = file; path = Feather.ttf; sourceTree = "<group>"; };
		6C77420029E6DCAA00C0E6FA /* Entypo.ttf */ = {isa = PBXFileReference; lastKnownFileType = file; path = Entypo.ttf; sourceTree = "<group>"; };
		6C77420129E6DCAA00C0E6FA /* FontAwesome5_Brands.ttf */ = {isa = PBXFileReference; lastKnownFileType = file; path = FontAwesome5_Brands.ttf; sourceTree = "<group>"; };
		6C77420229E6DCAA00C0E6FA /* MaterialCommunityIcons.ttf */ = {isa = PBXFileReference; lastKnownFileType = file; path = MaterialCommunityIcons.ttf; sourceTree = "<group>"; };
		6C77420329E6DCAA00C0E6FA /* AntDesign.ttf */ = {isa = PBXFileReference; lastKnownFileType = file; path = AntDesign.ttf; sourceTree = "<group>"; };
		6C77420429E6DCAA00C0E6FA /* Foundation.ttf */ = {isa = PBXFileReference; lastKnownFileType = file; path = Foundation.ttf; sourceTree = "<group>"; };
		6C77420529E6DCAA00C0E6FA /* Ionicons.ttf */ = {isa = PBXFileReference; lastKnownFileType = file; path = Ionicons.ttf; sourceTree = "<group>"; };
		6C77420629E6DCAA00C0E6FA /* FontAwesome5_Solid.ttf */ = {isa = PBXFileReference; lastKnownFileType = file; path = FontAwesome5_Solid.ttf; sourceTree = "<group>"; };
		6C77420729E6DCAA00C0E6FA /* FontAwesome5_Regular.ttf */ = {isa = PBXFileReference; lastKnownFileType = file; path = FontAwesome5_Regular.ttf; sourceTree = "<group>"; };
		6C77420829E6DCAA00C0E6FA /* FontAwesome.ttf */ = {isa = PBXFileReference; lastKnownFileType = file; path = FontAwesome.ttf; sourceTree = "<group>"; };
		6C77420929E6DCAA00C0E6FA /* Zocial.ttf */ = {isa = PBXFileReference; lastKnownFileType = file; path = Zocial.ttf; sourceTree = "<group>"; };
		6C77420A29E6DCAA00C0E6FA /* EvilIcons.ttf */ = {isa = PBXFileReference; lastKnownFileType = file; path = EvilIcons.ttf; sourceTree = "<group>"; };
		6C77420B29E6DCAA00C0E6FA /* SimpleLineIcons.ttf */ = {isa = PBXFileReference; lastKnownFileType = file; path = SimpleLineIcons.ttf; sourceTree = "<group>"; };
		6C77420C29E6DCAA00C0E6FA /* MaterialIcons.ttf */ = {isa = PBXFileReference; lastKnownFileType = file; path = MaterialIcons.ttf; sourceTree = "<group>"; };
		7D4090EA66D2416A9E11AE56 /* Inter-ThinItalic.otf */ = {isa = PBXFileReference; explicitFileType = undefined; fileEncoding = 9; includeInIndex = 0; lastKnownFileType = unknown; name = "Inter-ThinItalic.otf"; path = "../node_modules/@tamagui/font-inter/otf/Inter-ThinItalic.otf"; sourceTree = "<group>"; };
		7F14A8E7A73746B188DFB6E7 /* Inter-LightItalic.otf */ = {isa = PBXFileReference; explicitFileType = undefined; fileEncoding = 9; includeInIndex = 0; lastKnownFileType = unknown; name = "Inter-LightItalic.otf"; path = "../node_modules/@tamagui/font-inter/otf/Inter-LightItalic.otf"; sourceTree = "<group>"; };
		81AB9BB72411601600AC10FF /* LaunchScreen.storyboard */ = {isa = PBXFileReference; fileEncoding = 4; lastKnownFileType = file.storyboard; name = LaunchScreen.storyboard; path = TestProjectLib1/LaunchScreen.storyboard; sourceTree = "<group>"; };
		89C6BE57DB24E9ADA2F236DE /* Pods-TestProjectLib1-TestProjectLib1Tests.release.xcconfig */ = {isa = PBXFileReference; includeInIndex = 1; lastKnownFileType = text.xcconfig; name = "Pods-TestProjectLib1-TestProjectLib1Tests.release.xcconfig"; path = "Target Support Files/Pods-TestProjectLib1-TestProjectLib1Tests/Pods-TestProjectLib1-TestProjectLib1Tests.release.xcconfig"; sourceTree = "<group>"; };
		92145A930A644AFAA2D52AA5 /* Inter-BoldItalic.otf */ = {isa = PBXFileReference; explicitFileType = undefined; fileEncoding = 9; includeInIndex = 0; lastKnownFileType = unknown; name = "Inter-BoldItalic.otf"; path = "../node_modules/@tamagui/font-inter/otf/Inter-BoldItalic.otf"; sourceTree = "<group>"; };
		960951E5722A4F1F8432DA4D /* Inter-MediumItalic.otf */ = {isa = PBXFileReference; explicitFileType = undefined; fileEncoding = 9; includeInIndex = 0; lastKnownFileType = unknown; name = "Inter-MediumItalic.otf"; path = "../node_modules/@tamagui/font-inter/otf/Inter-MediumItalic.otf"; sourceTree = "<group>"; };
		9D74E92E9F6E4FAD930795E9 /* Inter-Medium.otf */ = {isa = PBXFileReference; explicitFileType = undefined; fileEncoding = 9; includeInIndex = 0; lastKnownFileType = unknown; name = "Inter-Medium.otf"; path = "../node_modules/@tamagui/font-inter/otf/Inter-Medium.otf"; sourceTree = "<group>"; };
		AE64806283084B089A5BCC03 /* Inter-ExtraLight.otf */ = {isa = PBXFileReference; explicitFileType = undefined; fileEncoding = 9; includeInIndex = 0; lastKnownFileType = unknown; name = "Inter-ExtraLight.otf"; path = "../node_modules/@tamagui/font-inter/otf/Inter-ExtraLight.otf"; sourceTree = "<group>"; };
		B3DF9064B3CF479FB15C1CB1 /* Inter-Italic.otf */ = {isa = PBXFileReference; explicitFileType = undefined; fileEncoding = 9; includeInIndex = 0; lastKnownFileType = unknown; name = "Inter-Italic.otf"; path = "../node_modules/@tamagui/font-inter/otf/Inter-Italic.otf"; sourceTree = "<group>"; };
		C26C318F9FDF4049A1C485AA /* Inter-Bold.otf */ = {isa = PBXFileReference; explicitFileType = undefined; fileEncoding = 9; includeInIndex = 0; lastKnownFileType = unknown; name = "Inter-Bold.otf"; path = "../node_modules/@tamagui/font-inter/otf/Inter-Bold.otf"; sourceTree = "<group>"; };
		ED297162215061F000B7C4FE /* JavaScriptCore.framework */ = {isa = PBXFileReference; lastKnownFileType = wrapper.framework; name = JavaScriptCore.framework; path = System/Library/Frameworks/JavaScriptCore.framework; sourceTree = SDKROOT; };
		F42C1F6B08C94AE38C838893 /* Inter-ExtraLightItalic.otf */ = {isa = PBXFileReference; explicitFileType = undefined; fileEncoding = 9; includeInIndex = 0; lastKnownFileType = unknown; name = "Inter-ExtraLightItalic.otf"; path = "../node_modules/@tamagui/font-inter/otf/Inter-ExtraLightItalic.otf"; sourceTree = "<group>"; };
		F58CBF888F494C52917604AF /* Inter-BlackItalic.otf */ = {isa = PBXFileReference; explicitFileType = undefined; fileEncoding = 9; includeInIndex = 0; lastKnownFileType = unknown; name = "Inter-BlackItalic.otf"; path = "../node_modules/@tamagui/font-inter/otf/Inter-BlackItalic.otf"; sourceTree = "<group>"; };
		F61F48E34D3B4DB5A4700EC0 /* Inter-ExtraBold.otf */ = {isa = PBXFileReference; explicitFileType = undefined; fileEncoding = 9; includeInIndex = 0; lastKnownFileType = unknown; name = "Inter-ExtraBold.otf"; path = "../node_modules/@tamagui/font-inter/otf/Inter-ExtraBold.otf"; sourceTree = "<group>"; };
		FA7BCBF06194482D81597860 /* Inter-SemiBoldItalic.otf */ = {isa = PBXFileReference; explicitFileType = undefined; fileEncoding = 9; includeInIndex = 0; lastKnownFileType = unknown; name = "Inter-SemiBoldItalic.otf"; path = "../node_modules/@tamagui/font-inter/otf/Inter-SemiBoldItalic.otf"; sourceTree = "<group>"; };
/* End PBXFileReference section */

/* Begin PBXFrameworksBuildPhase section */
		00E356EB1AD99517003FC87E /* Frameworks */ = {
			isa = PBXFrameworksBuildPhase;
			buildActionMask = 2147483647;
			files = (
				7699B88040F8A987B510C191 /* libPods-TestProjectLib1-TestProjectLib1Tests.a in Frameworks */,
			);
			runOnlyForDeploymentPostprocessing = 0;
		};
		13B07F8C1A680F5B00A75B9A /* Frameworks */ = {
			isa = PBXFrameworksBuildPhase;
			buildActionMask = 2147483647;
			files = (
				0C80B921A6F3F58F76C31292 /* libPods-TestProjectLib1.a in Frameworks */,
			);
			runOnlyForDeploymentPostprocessing = 0;
		};
/* End PBXFrameworksBuildPhase section */

/* Begin PBXGroup section */
		00E356EF1AD99517003FC87E /* TestProjectLib1Tests */ = {
			isa = PBXGroup;
			children = (
				00E356F21AD99517003FC87E /* TestProjectLib1Tests.m */,
				00E356F01AD99517003FC87E /* Supporting Files */,
			);
			path = TestProjectLib1Tests;
			sourceTree = "<group>";
		};
		00E356F01AD99517003FC87E /* Supporting Files */ = {
			isa = PBXGroup;
			children = (
				00E356F11AD99517003FC87E /* Info.plist */,
			);
			name = "Supporting Files";
			sourceTree = "<group>";
		};
		13B07FAE1A68108700A75B9A /* TestProjectLib1 */ = {
			isa = PBXGroup;
			children = (
				13B07FAF1A68108700A75B9A /* AppDelegate.h */,
				13B07FB01A68108700A75B9A /* AppDelegate.mm */,
				13B07FB51A68108700A75B9A /* Images.xcassets */,
				6C245C3D29E92CC20038A85A /* otf */,
				6C7741FC29E6DCAA00C0E6FA /* Fonts */,
				13B07FB61A68108700A75B9A /* Info.plist */,
				81AB9BB72411601600AC10FF /* LaunchScreen.storyboard */,
				13B07FB71A68108700A75B9A /* main.m */,
			);
			name = TestProjectLib1;
			sourceTree = "<group>";
		};
		2D16E6871FA4F8E400B85C8A /* Frameworks */ = {
			isa = PBXGroup;
			children = (
				ED297162215061F000B7C4FE /* JavaScriptCore.framework */,
				5DCACB8F33CDC322A6C60F78 /* libPods-TestProjectLib1.a */,
				19F6CBCC0A4E27FBF8BF4A61 /* libPods-TestProjectLib1-TestProjectLib1Tests.a */,
			);
			name = Frameworks;
			sourceTree = "<group>";
		};
		3856B0DEFB37402A90784687 /* Resources */ = {
			isa = PBXGroup;
			children = (
				3E0E627CABE94E1EA742A81D /* Inter-Black.otf */,
				F58CBF888F494C52917604AF /* Inter-BlackItalic.otf */,
				C26C318F9FDF4049A1C485AA /* Inter-Bold.otf */,
				92145A930A644AFAA2D52AA5 /* Inter-BoldItalic.otf */,
				F61F48E34D3B4DB5A4700EC0 /* Inter-ExtraBold.otf */,
				56AF00FBA1124846988E5506 /* Inter-ExtraBoldItalic.otf */,
				AE64806283084B089A5BCC03 /* Inter-ExtraLight.otf */,
				F42C1F6B08C94AE38C838893 /* Inter-ExtraLightItalic.otf */,
				B3DF9064B3CF479FB15C1CB1 /* Inter-Italic.otf */,
				5C8A7219F43044E09EE27D3C /* Inter-Light.otf */,
				7F14A8E7A73746B188DFB6E7 /* Inter-LightItalic.otf */,
				9D74E92E9F6E4FAD930795E9 /* Inter-Medium.otf */,
				960951E5722A4F1F8432DA4D /* Inter-MediumItalic.otf */,
				425721881C7D4C7C84A386E4 /* Inter-Regular.otf */,
				5F9B88C95BA048929D850722 /* Inter-SemiBold.otf */,
				FA7BCBF06194482D81597860 /* Inter-SemiBoldItalic.otf */,
				49F9F3FA909C483DA1C81240 /* Inter-Thin.otf */,
				7D4090EA66D2416A9E11AE56 /* Inter-ThinItalic.otf */,
			);
			name = Resources;
			sourceTree = "<group>";
		};
		6C245C3D29E92CC20038A85A /* otf */ = {
			isa = PBXGroup;
			children = (
				6C245C3E29E92CC20038A85A /* Inter-Bold.otf */,
				6C245C3F29E92CC20038A85A /* Inter-Regular.otf */,
				6C245C4029E92CC20038A85A /* Inter-SemiBoldItalic.otf */,
				6C245C4129E92CC20038A85A /* Inter-Thin.otf */,
				6C245C4229E92CC20038A85A /* Inter-Light.otf */,
				6C245C4329E92CC20038A85A /* Inter-ExtraLightItalic.otf */,
				6C245C4429E92CC20038A85A /* Inter-Medium.otf */,
				6C245C4529E92CC20038A85A /* Inter-SemiBold.otf */,
				6C245C4629E92CC20038A85A /* Inter-BlackItalic.otf */,
				6C245C4729E92CC20038A85A /* Inter-MediumItalic.otf */,
				6C245C4829E92CC20038A85A /* Inter-Black.otf */,
				6C245C4929E92CC20038A85A /* Inter-Italic.otf */,
				6C245C4A29E92CC20038A85A /* Inter-ExtraBold.otf */,
				6C245C4B29E92CC20038A85A /* Inter-ThinItalic.otf */,
				6C245C4C29E92CC20038A85A /* Inter-ExtraLight.otf */,
				6C245C4D29E92CC20038A85A /* Inter-ExtraBoldItalic.otf */,
				6C245C4E29E92CC20038A85A /* Inter-BoldItalic.otf */,
				6C245C4F29E92CC20038A85A /* Inter-LightItalic.otf */,
			);
			name = otf;
			path = "../node_modules/@tamagui/font-inter/otf";
			sourceTree = "<group>";
		};
		6C7741FC29E6DCAA00C0E6FA /* Fonts */ = {
			isa = PBXGroup;
			children = (
				6C7741FD29E6DCAA00C0E6FA /* Fontisto.ttf */,
				6C7741FE29E6DCAA00C0E6FA /* Octicons.ttf */,
				6C7741FF29E6DCAA00C0E6FA /* Feather.ttf */,
				6C77420029E6DCAA00C0E6FA /* Entypo.ttf */,
				6C77420129E6DCAA00C0E6FA /* FontAwesome5_Brands.ttf */,
				6C77420229E6DCAA00C0E6FA /* MaterialCommunityIcons.ttf */,
				6C77420329E6DCAA00C0E6FA /* AntDesign.ttf */,
				6C77420429E6DCAA00C0E6FA /* Foundation.ttf */,
				6C77420529E6DCAA00C0E6FA /* Ionicons.ttf */,
				6C77420629E6DCAA00C0E6FA /* FontAwesome5_Solid.ttf */,
				6C77420729E6DCAA00C0E6FA /* FontAwesome5_Regular.ttf */,
				6C77420829E6DCAA00C0E6FA /* FontAwesome.ttf */,
				6C77420929E6DCAA00C0E6FA /* Zocial.ttf */,
				6C77420A29E6DCAA00C0E6FA /* EvilIcons.ttf */,
				6C77420B29E6DCAA00C0E6FA /* SimpleLineIcons.ttf */,
				6C77420C29E6DCAA00C0E6FA /* MaterialIcons.ttf */,
			);
			name = Fonts;
			path = "../node_modules/react-native-vector-icons/Fonts";
			sourceTree = "<group>";
		};
		832341AE1AAA6A7D00B99B32 /* Libraries */ = {
			isa = PBXGroup;
			children = (
			);
			name = Libraries;
			sourceTree = "<group>";
		};
		83CBB9F61A601CBA00E9B192 = {
			isa = PBXGroup;
			children = (
				13B07FAE1A68108700A75B9A /* TestProjectLib1 */,
				832341AE1AAA6A7D00B99B32 /* Libraries */,
				00E356EF1AD99517003FC87E /* TestProjectLib1Tests */,
				83CBBA001A601CBA00E9B192 /* Products */,
				2D16E6871FA4F8E400B85C8A /* Frameworks */,
				BBD78D7AC51CEA395F1C20DB /* Pods */,
				3856B0DEFB37402A90784687 /* Resources */,
			);
			indentWidth = 2;
			sourceTree = "<group>";
			tabWidth = 2;
			usesTabs = 0;
		};
		83CBBA001A601CBA00E9B192 /* Products */ = {
			isa = PBXGroup;
			children = (
				13B07F961A680F5B00A75B9A /* TestProjectLib1.app */,
				00E356EE1AD99517003FC87E /* TestProjectLib1Tests.xctest */,
			);
			name = Products;
			sourceTree = "<group>";
		};
		BBD78D7AC51CEA395F1C20DB /* Pods */ = {
			isa = PBXGroup;
			children = (
				3B4392A12AC88292D35C810B /* Pods-TestProjectLib1.debug.xcconfig */,
				5709B34CF0A7D63546082F79 /* Pods-TestProjectLib1.release.xcconfig */,
				5B7EB9410499542E8C5724F5 /* Pods-TestProjectLib1-TestProjectLib1Tests.debug.xcconfig */,
				89C6BE57DB24E9ADA2F236DE /* Pods-TestProjectLib1-TestProjectLib1Tests.release.xcconfig */,
			);
			path = Pods;
			sourceTree = "<group>";
		};
/* End PBXGroup section */

/* Begin PBXNativeTarget section */
		00E356ED1AD99517003FC87E /* TestProjectLib1Tests */ = {
			isa = PBXNativeTarget;
			buildConfigurationList = 00E357021AD99517003FC87E /* Build configuration list for PBXNativeTarget "TestProjectLib1Tests" */;
			buildPhases = (
				A55EABD7B0C7F3A422A6CC61 /* [CP] Check Pods Manifest.lock */,
				00E356EA1AD99517003FC87E /* Sources */,
				00E356EB1AD99517003FC87E /* Frameworks */,
				00E356EC1AD99517003FC87E /* Resources */,
				C59DA0FBD6956966B86A3779 /* [CP] Embed Pods Frameworks */,
				F6A41C54EA430FDDC6A6ED99 /* [CP] Copy Pods Resources */,
			);
			buildRules = (
			);
			dependencies = (
				00E356F51AD99517003FC87E /* PBXTargetDependency */,
			);
			name = TestProjectLib1Tests;
			productName = TestProjectLib1Tests;
			productReference = 00E356EE1AD99517003FC87E /* TestProjectLib1Tests.xctest */;
			productType = "com.apple.product-type.bundle.unit-test";
		};
		13B07F861A680F5B00A75B9A /* TestProjectLib1 */ = {
			isa = PBXNativeTarget;
			buildConfigurationList = 13B07F931A680F5B00A75B9A /* Build configuration list for PBXNativeTarget "TestProjectLib1" */;
			buildPhases = (
				C38B50BA6285516D6DCD4F65 /* [CP] Check Pods Manifest.lock */,
				FD10A7F022414F080027D42C /* Start Packager */,
				13B07F871A680F5B00A75B9A /* Sources */,
				13B07F8C1A680F5B00A75B9A /* Frameworks */,
				13B07F8E1A680F5B00A75B9A /* Resources */,
				00DD1BFF1BD5951E006B06BC /* Bundle React Native code and images */,
				00EEFC60759A1932668264C0 /* [CP] Embed Pods Frameworks */,
				E235C05ADACE081382539298 /* [CP] Copy Pods Resources */,
			);
			buildRules = (
			);
			dependencies = (
			);
			name = TestProjectLib1;
			productName = TestProjectLib1;
			productReference = 13B07F961A680F5B00A75B9A /* TestProjectLib1.app */;
			productType = "com.apple.product-type.application";
		};
/* End PBXNativeTarget section */

/* Begin PBXProject section */
		83CBB9F71A601CBA00E9B192 /* Project object */ = {
			isa = PBXProject;
			attributes = {
				LastUpgradeCheck = 1210;
				TargetAttributes = {
					00E356ED1AD99517003FC87E = {
						CreatedOnToolsVersion = 6.2;
						TestTargetID = 13B07F861A680F5B00A75B9A;
					};
					13B07F861A680F5B00A75B9A = {
						LastSwiftMigration = 1120;
					};
				};
			};
			buildConfigurationList = 83CBB9FA1A601CBA00E9B192 /* Build configuration list for PBXProject "TestProjectLib1" */;
			compatibilityVersion = "Xcode 12.0";
			developmentRegion = en;
			hasScannedForEncodings = 0;
			knownRegions = (
				en,
				Base,
			);
			mainGroup = 83CBB9F61A601CBA00E9B192;
			productRefGroup = 83CBBA001A601CBA00E9B192 /* Products */;
			projectDirPath = "";
			projectRoot = "";
			targets = (
				13B07F861A680F5B00A75B9A /* TestProjectLib1 */,
				00E356ED1AD99517003FC87E /* TestProjectLib1Tests */,
			);
		};
/* End PBXProject section */

/* Begin PBXResourcesBuildPhase section */
		00E356EC1AD99517003FC87E /* Resources */ = {
			isa = PBXResourcesBuildPhase;
			buildActionMask = 2147483647;
			files = (
			);
			runOnlyForDeploymentPostprocessing = 0;
		};
		13B07F8E1A680F5B00A75B9A /* Resources */ = {
			isa = PBXResourcesBuildPhase;
			buildActionMask = 2147483647;
			files = (
				6C77420D29E6DCAA00C0E6FA /* Fontisto.ttf in Resources */,
				6C77421829E6DCAA00C0E6FA /* FontAwesome.ttf in Resources */,
				6C77421429E6DCAA00C0E6FA /* Foundation.ttf in Resources */,
				6C245C6129E92CC20038A85A /* Inter-LightItalic.otf in Resources */,
				6C245C5E29E92CC20038A85A /* Inter-ExtraLight.otf in Resources */,
				6C77421729E6DCAA00C0E6FA /* FontAwesome5_Regular.ttf in Resources */,
				6C245C5A29E92CC20038A85A /* Inter-Black.otf in Resources */,
				6C77421529E6DCAA00C0E6FA /* Ionicons.ttf in Resources */,
				6C77421A29E6DCAA00C0E6FA /* EvilIcons.ttf in Resources */,
				6C77421029E6DCAA00C0E6FA /* Entypo.ttf in Resources */,
				81AB9BB82411601600AC10FF /* LaunchScreen.storyboard in Resources */,
				6C245C5F29E92CC20038A85A /* Inter-ExtraBoldItalic.otf in Resources */,
				6C77421929E6DCAA00C0E6FA /* Zocial.ttf in Resources */,
				6C77421B29E6DCAA00C0E6FA /* SimpleLineIcons.ttf in Resources */,
				6C77420F29E6DCAA00C0E6FA /* Feather.ttf in Resources */,
				6C245C5B29E92CC20038A85A /* Inter-Italic.otf in Resources */,
				6C245C5429E92CC20038A85A /* Inter-Light.otf in Resources */,
				6C77420E29E6DCAA00C0E6FA /* Octicons.ttf in Resources */,
				6C77421129E6DCAA00C0E6FA /* FontAwesome5_Brands.ttf in Resources */,
				6C245C5129E92CC20038A85A /* Inter-Regular.otf in Resources */,
				6C245C5229E92CC20038A85A /* Inter-SemiBoldItalic.otf in Resources */,
				6C77421329E6DCAA00C0E6FA /* AntDesign.ttf in Resources */,
				6C77421C29E6DCAA00C0E6FA /* MaterialIcons.ttf in Resources */,
				6C245C5529E92CC20038A85A /* Inter-ExtraLightItalic.otf in Resources */,
				6C245C5029E92CC20038A85A /* Inter-Bold.otf in Resources */,
				6C77421629E6DCAA00C0E6FA /* FontAwesome5_Solid.ttf in Resources */,
				6C77421229E6DCAA00C0E6FA /* MaterialCommunityIcons.ttf in Resources */,
				13B07FBF1A68108700A75B9A /* Images.xcassets in Resources */,
				1D49DDAC8FCE44F297472287 /* Inter-Black.otf in Resources */,
				B06BD75B4E9B4A0BB6F11E82 /* Inter-BlackItalic.otf in Resources */,
				6C245C5329E92CC20038A85A /* Inter-Thin.otf in Resources */,
				F78BE9451CF34E0BB0779F37 /* Inter-Bold.otf in Resources */,
				BD8566870EE040508CAE11C2 /* Inter-BoldItalic.otf in Resources */,
				7D577639B11B4A5287C75BEF /* Inter-ExtraBold.otf in Resources */,
				4007C8A1FA2F4F759CFE2850 /* Inter-ExtraBoldItalic.otf in Resources */,
				4FD132A3A3A740BD8D5A19F2 /* Inter-ExtraLight.otf in Resources */,
				01DDDE07701041B0B556AE87 /* Inter-ExtraLightItalic.otf in Resources */,
				6C245C6029E92CC20038A85A /* Inter-BoldItalic.otf in Resources */,
				6C245C5C29E92CC20038A85A /* Inter-ExtraBold.otf in Resources */,
				DE347B3BF87940139CA3966C /* Inter-Italic.otf in Resources */,
				BDA56EC85F464AF391A9702A /* Inter-Light.otf in Resources */,
				9BB51F023FAD45CB82B9BEED /* Inter-LightItalic.otf in Resources */,
				6C245C5729E92CC20038A85A /* Inter-SemiBold.otf in Resources */,
				7C8C38CC8D3F45A98F961F40 /* Inter-Medium.otf in Resources */,
				6C245C5929E92CC20038A85A /* Inter-MediumItalic.otf in Resources */,
				1B4BF15E1BBD4A2DB5672DF5 /* Inter-MediumItalic.otf in Resources */,
				6C245C5829E92CC20038A85A /* Inter-BlackItalic.otf in Resources */,
				6C245C5629E92CC20038A85A /* Inter-Medium.otf in Resources */,
				7E73F2FE8E014AE6AA1493A2 /* Inter-Regular.otf in Resources */,
				4935029E11D346CC8B0FD778 /* Inter-SemiBold.otf in Resources */,
				D5AE28D7A7FE497598D8A474 /* Inter-SemiBoldItalic.otf in Resources */,
				6C245C5D29E92CC20038A85A /* Inter-ThinItalic.otf in Resources */,
				FAA3F0D00F814ED3862C6697 /* Inter-Thin.otf in Resources */,
				44877DAED54E4819BB80D2CC /* Inter-ThinItalic.otf in Resources */,
			);
			runOnlyForDeploymentPostprocessing = 0;
		};
/* End PBXResourcesBuildPhase section */

/* Begin PBXShellScriptBuildPhase section */
		00DD1BFF1BD5951E006B06BC /* Bundle React Native code and images */ = {
			isa = PBXShellScriptBuildPhase;
			buildActionMask = 2147483647;
			files = (
			);
			inputPaths = (
				"$(SRCROOT)/.xcode.env.local",
				"$(SRCROOT)/.xcode.env",
			);
			name = "Bundle React Native code and images";
			outputPaths = (
			);
			runOnlyForDeploymentPostprocessing = 0;
			shellPath = /bin/sh;
			shellScript = "set -e\n\nWITH_ENVIRONMENT=\"../node_modules/react-native/scripts/xcode/with-environment.sh\"\nREACT_NATIVE_XCODE=\"../node_modules/react-native/scripts/react-native-xcode.sh\"\n\n/bin/sh -c \"$WITH_ENVIRONMENT $REACT_NATIVE_XCODE\"\n";
		};
		00EEFC60759A1932668264C0 /* [CP] Embed Pods Frameworks */ = {
			isa = PBXShellScriptBuildPhase;
			buildActionMask = 2147483647;
			files = (
			);
			inputFileListPaths = (
				"${PODS_ROOT}/Target Support Files/Pods-TestProjectLib1/Pods-TestProjectLib1-frameworks-${CONFIGURATION}-input-files.xcfilelist",
			);
			name = "[CP] Embed Pods Frameworks";
			outputFileListPaths = (
				"${PODS_ROOT}/Target Support Files/Pods-TestProjectLib1/Pods-TestProjectLib1-frameworks-${CONFIGURATION}-output-files.xcfilelist",
			);
			runOnlyForDeploymentPostprocessing = 0;
			shellPath = /bin/sh;
			shellScript = "\"${PODS_ROOT}/Target Support Files/Pods-TestProjectLib1/Pods-TestProjectLib1-frameworks.sh\"\n";
			showEnvVarsInLog = 0;
		};
		A55EABD7B0C7F3A422A6CC61 /* [CP] Check Pods Manifest.lock */ = {
			isa = PBXShellScriptBuildPhase;
			buildActionMask = 2147483647;
			files = (
			);
			inputFileListPaths = (
			);
			inputPaths = (
				"${PODS_PODFILE_DIR_PATH}/Podfile.lock",
				"${PODS_ROOT}/Manifest.lock",
			);
			name = "[CP] Check Pods Manifest.lock";
			outputFileListPaths = (
			);
			outputPaths = (
				"$(DERIVED_FILE_DIR)/Pods-TestProjectLib1-TestProjectLib1Tests-checkManifestLockResult.txt",
			);
			runOnlyForDeploymentPostprocessing = 0;
			shellPath = /bin/sh;
			shellScript = "diff \"${PODS_PODFILE_DIR_PATH}/Podfile.lock\" \"${PODS_ROOT}/Manifest.lock\" > /dev/null\nif [ $? != 0 ] ; then\n    # print error to STDERR\n    echo \"error: The sandbox is not in sync with the Podfile.lock. Run 'pod install' or update your CocoaPods installation.\" >&2\n    exit 1\nfi\n# This output is used by Xcode 'outputs' to avoid re-running this script phase.\necho \"SUCCESS\" > \"${SCRIPT_OUTPUT_FILE_0}\"\n";
			showEnvVarsInLog = 0;
		};
		C38B50BA6285516D6DCD4F65 /* [CP] Check Pods Manifest.lock */ = {
			isa = PBXShellScriptBuildPhase;
			buildActionMask = 2147483647;
			files = (
			);
			inputFileListPaths = (
			);
			inputPaths = (
				"${PODS_PODFILE_DIR_PATH}/Podfile.lock",
				"${PODS_ROOT}/Manifest.lock",
			);
			name = "[CP] Check Pods Manifest.lock";
			outputFileListPaths = (
			);
			outputPaths = (
				"$(DERIVED_FILE_DIR)/Pods-TestProjectLib1-checkManifestLockResult.txt",
			);
			runOnlyForDeploymentPostprocessing = 0;
			shellPath = /bin/sh;
			shellScript = "diff \"${PODS_PODFILE_DIR_PATH}/Podfile.lock\" \"${PODS_ROOT}/Manifest.lock\" > /dev/null\nif [ $? != 0 ] ; then\n    # print error to STDERR\n    echo \"error: The sandbox is not in sync with the Podfile.lock. Run 'pod install' or update your CocoaPods installation.\" >&2\n    exit 1\nfi\n# This output is used by Xcode 'outputs' to avoid re-running this script phase.\necho \"SUCCESS\" > \"${SCRIPT_OUTPUT_FILE_0}\"\n";
			showEnvVarsInLog = 0;
		};
		C59DA0FBD6956966B86A3779 /* [CP] Embed Pods Frameworks */ = {
			isa = PBXShellScriptBuildPhase;
			buildActionMask = 2147483647;
			files = (
			);
			inputFileListPaths = (
				"${PODS_ROOT}/Target Support Files/Pods-TestProjectLib1-TestProjectLib1Tests/Pods-TestProjectLib1-TestProjectLib1Tests-frameworks-${CONFIGURATION}-input-files.xcfilelist",
			);
			name = "[CP] Embed Pods Frameworks";
			outputFileListPaths = (
				"${PODS_ROOT}/Target Support Files/Pods-TestProjectLib1-TestProjectLib1Tests/Pods-TestProjectLib1-TestProjectLib1Tests-frameworks-${CONFIGURATION}-output-files.xcfilelist",
			);
			runOnlyForDeploymentPostprocessing = 0;
			shellPath = /bin/sh;
			shellScript = "\"${PODS_ROOT}/Target Support Files/Pods-TestProjectLib1-TestProjectLib1Tests/Pods-TestProjectLib1-TestProjectLib1Tests-frameworks.sh\"\n";
			showEnvVarsInLog = 0;
		};
		E235C05ADACE081382539298 /* [CP] Copy Pods Resources */ = {
			isa = PBXShellScriptBuildPhase;
			buildActionMask = 2147483647;
			files = (
			);
			inputFileListPaths = (
				"${PODS_ROOT}/Target Support Files/Pods-TestProjectLib1/Pods-TestProjectLib1-resources-${CONFIGURATION}-input-files.xcfilelist",
			);
			name = "[CP] Copy Pods Resources";
			outputFileListPaths = (
				"${PODS_ROOT}/Target Support Files/Pods-TestProjectLib1/Pods-TestProjectLib1-resources-${CONFIGURATION}-output-files.xcfilelist",
			);
			runOnlyForDeploymentPostprocessing = 0;
			shellPath = /bin/sh;
			shellScript = "\"${PODS_ROOT}/Target Support Files/Pods-TestProjectLib1/Pods-TestProjectLib1-resources.sh\"\n";
			showEnvVarsInLog = 0;
		};
		F6A41C54EA430FDDC6A6ED99 /* [CP] Copy Pods Resources */ = {
			isa = PBXShellScriptBuildPhase;
			buildActionMask = 2147483647;
			files = (
			);
			inputFileListPaths = (
				"${PODS_ROOT}/Target Support Files/Pods-TestProjectLib1-TestProjectLib1Tests/Pods-TestProjectLib1-TestProjectLib1Tests-resources-${CONFIGURATION}-input-files.xcfilelist",
			);
			name = "[CP] Copy Pods Resources";
			outputFileListPaths = (
				"${PODS_ROOT}/Target Support Files/Pods-TestProjectLib1-TestProjectLib1Tests/Pods-TestProjectLib1-TestProjectLib1Tests-resources-${CONFIGURATION}-output-files.xcfilelist",
			);
			runOnlyForDeploymentPostprocessing = 0;
			shellPath = /bin/sh;
			shellScript = "\"${PODS_ROOT}/Target Support Files/Pods-TestProjectLib1-TestProjectLib1Tests/Pods-TestProjectLib1-TestProjectLib1Tests-resources.sh\"\n";
			showEnvVarsInLog = 0;
		};
		FD10A7F022414F080027D42C /* Start Packager */ = {
			isa = PBXShellScriptBuildPhase;
			buildActionMask = 2147483647;
			files = (
			);
			inputFileListPaths = (
			);
			inputPaths = (
			);
			name = "Start Packager";
			outputFileListPaths = (
			);
			outputPaths = (
			);
			runOnlyForDeploymentPostprocessing = 0;
			shellPath = /bin/sh;
			shellScript = "export RCT_METRO_PORT=\"${RCT_METRO_PORT:=8081}\"\necho \"export RCT_METRO_PORT=${RCT_METRO_PORT}\" > \"${SRCROOT}/../node_modules/react-native/scripts/.packager.env\"\nif [ -z \"${RCT_NO_LAUNCH_PACKAGER+xxx}\" ] ; then\n  if nc -w 5 -z localhost ${RCT_METRO_PORT} ; then\n    if ! curl -s \"http://localhost:${RCT_METRO_PORT}/status\" | grep -q \"packager-status:running\" ; then\n      echo \"Port ${RCT_METRO_PORT} already in use, packager is either not running or not running correctly\"\n      exit 2\n    fi\n  else\n    open \"$SRCROOT/../node_modules/react-native/scripts/launchPackager.command\" || echo \"Can't start packager automatically\"\n  fi\nfi\n";
			showEnvVarsInLog = 0;
		};
/* End PBXShellScriptBuildPhase section */

/* Begin PBXSourcesBuildPhase section */
		00E356EA1AD99517003FC87E /* Sources */ = {
			isa = PBXSourcesBuildPhase;
			buildActionMask = 2147483647;
			files = (
				00E356F31AD99517003FC87E /* TestProjectLib1Tests.m in Sources */,
			);
			runOnlyForDeploymentPostprocessing = 0;
		};
		13B07F871A680F5B00A75B9A /* Sources */ = {
			isa = PBXSourcesBuildPhase;
			buildActionMask = 2147483647;
			files = (
				13B07FBC1A68108700A75B9A /* AppDelegate.mm in Sources */,
				13B07FC11A68108700A75B9A /* main.m in Sources */,
			);
			runOnlyForDeploymentPostprocessing = 0;
		};
/* End PBXSourcesBuildPhase section */

/* Begin PBXTargetDependency section */
		00E356F51AD99517003FC87E /* PBXTargetDependency */ = {
			isa = PBXTargetDependency;
			target = 13B07F861A680F5B00A75B9A /* TestProjectLib1 */;
			targetProxy = 00E356F41AD99517003FC87E /* PBXContainerItemProxy */;
		};
/* End PBXTargetDependency section */

/* Begin XCBuildConfiguration section */
		00E356F61AD99517003FC87E /* Debug */ = {
			isa = XCBuildConfiguration;
			baseConfigurationReference = 5B7EB9410499542E8C5724F5 /* Pods-TestProjectLib1-TestProjectLib1Tests.debug.xcconfig */;
			buildSettings = {
				BUNDLE_LOADER = "$(TEST_HOST)";
				GCC_PREPROCESSOR_DEFINITIONS = (
					"DEBUG=1",
					"$(inherited)",
				);
				INFOPLIST_FILE = TestProjectLib1Tests/Info.plist;
				IPHONEOS_DEPLOYMENT_TARGET = 12.4;
				LD_RUNPATH_SEARCH_PATHS = (
					"$(inherited)",
					"@executable_path/Frameworks",
					"@loader_path/Frameworks",
				);
				OTHER_LDFLAGS = (
					"-ObjC",
					"-lc++",
					"$(inherited)",
				);
				PRODUCT_BUNDLE_IDENTIFIER = "org.reactjs.native.example.$(PRODUCT_NAME:rfc1034identifier)";
				PRODUCT_NAME = "$(TARGET_NAME)";
				TEST_HOST = "$(BUILT_PRODUCTS_DIR)/TestProjectLib1.app/TestProjectLib1";
			};
			name = Debug;
		};
		00E356F71AD99517003FC87E /* Release */ = {
			isa = XCBuildConfiguration;
			baseConfigurationReference = 89C6BE57DB24E9ADA2F236DE /* Pods-TestProjectLib1-TestProjectLib1Tests.release.xcconfig */;
			buildSettings = {
				BUNDLE_LOADER = "$(TEST_HOST)";
				COPY_PHASE_STRIP = NO;
				INFOPLIST_FILE = TestProjectLib1Tests/Info.plist;
				IPHONEOS_DEPLOYMENT_TARGET = 12.4;
				LD_RUNPATH_SEARCH_PATHS = (
					"$(inherited)",
					"@executable_path/Frameworks",
					"@loader_path/Frameworks",
				);
				OTHER_LDFLAGS = (
					"-ObjC",
					"-lc++",
					"$(inherited)",
				);
				PRODUCT_BUNDLE_IDENTIFIER = "org.reactjs.native.example.$(PRODUCT_NAME:rfc1034identifier)";
				PRODUCT_NAME = "$(TARGET_NAME)";
				TEST_HOST = "$(BUILT_PRODUCTS_DIR)/TestProjectLib1.app/TestProjectLib1";
			};
			name = Release;
		};
		13B07F941A680F5B00A75B9A /* Debug */ = {
			isa = XCBuildConfiguration;
			baseConfigurationReference = 3B4392A12AC88292D35C810B /* Pods-TestProjectLib1.debug.xcconfig */;
			buildSettings = {
				ASSETCATALOG_COMPILER_APPICON_NAME = AppIcon;
				CLANG_ENABLE_MODULES = YES;
				CODE_SIGN_IDENTITY = "Apple Development";
				CODE_SIGN_STYLE = Automatic;
				CURRENT_PROJECT_VERSION = 1;
				DEVELOPMENT_TEAM = C2MD5G6WC2;
				ENABLE_BITCODE = NO;
				INFOPLIST_FILE = TestProjectLib1/Info.plist;
				LD_RUNPATH_SEARCH_PATHS = (
					"$(inherited)",
					"@executable_path/Frameworks",
				);
				MARKETING_VERSION = 1.0;
				OTHER_LDFLAGS = (
					"$(inherited)",
					"-ObjC",
					"-lc++",
				);
				PRODUCT_BUNDLE_IDENTIFIER = "org.reactjs.native.example.$(PRODUCT_NAME:rfc1034identifier)";
				PRODUCT_NAME = TestProjectLib1;
				PROVISIONING_PROFILE_SPECIFIER = "";
				SWIFT_OPTIMIZATION_LEVEL = "-Onone";
				SWIFT_VERSION = 5.0;
				VERSIONING_SYSTEM = "apple-generic";
			};
			name = Debug;
		};
		13B07F951A680F5B00A75B9A /* Release */ = {
			isa = XCBuildConfiguration;
			baseConfigurationReference = 5709B34CF0A7D63546082F79 /* Pods-TestProjectLib1.release.xcconfig */;
			buildSettings = {
				ASSETCATALOG_COMPILER_APPICON_NAME = AppIcon;
				CLANG_ENABLE_MODULES = YES;
				CODE_SIGN_IDENTITY = "Apple Development";
				CODE_SIGN_STYLE = Automatic;
				CURRENT_PROJECT_VERSION = 1;
				DEVELOPMENT_TEAM = C2MD5G6WC2;
				INFOPLIST_FILE = TestProjectLib1/Info.plist;
				LD_RUNPATH_SEARCH_PATHS = (
					"$(inherited)",
					"@executable_path/Frameworks",
				);
				MARKETING_VERSION = 1.0;
				OTHER_LDFLAGS = (
					"$(inherited)",
					"-ObjC",
					"-lc++",
				);
				PRODUCT_BUNDLE_IDENTIFIER = "org.reactjs.native.example.$(PRODUCT_NAME:rfc1034identifier)";
				PRODUCT_NAME = TestProjectLib1;
				PROVISIONING_PROFILE_SPECIFIER = "";
				SWIFT_VERSION = 5.0;
				VERSIONING_SYSTEM = "apple-generic";
			};
			name = Release;
		};
		83CBBA201A601CBA00E9B192 /* Debug */ = {
			isa = XCBuildConfiguration;
			buildSettings = {
				ALWAYS_SEARCH_USER_PATHS = NO;
				CLANG_ANALYZER_LOCALIZABILITY_NONLOCALIZED = YES;
				CLANG_CXX_LANGUAGE_STANDARD = "c++17";
				CLANG_CXX_LIBRARY = "libc++";
				CLANG_ENABLE_MODULES = YES;
				CLANG_ENABLE_OBJC_ARC = YES;
				CLANG_WARN_BLOCK_CAPTURE_AUTORELEASING = YES;
				CLANG_WARN_BOOL_CONVERSION = YES;
				CLANG_WARN_COMMA = YES;
				CLANG_WARN_CONSTANT_CONVERSION = YES;
				CLANG_WARN_DEPRECATED_OBJC_IMPLEMENTATIONS = YES;
				CLANG_WARN_DIRECT_OBJC_ISA_USAGE = YES_ERROR;
				CLANG_WARN_EMPTY_BODY = YES;
				CLANG_WARN_ENUM_CONVERSION = YES;
				CLANG_WARN_INFINITE_RECURSION = YES;
				CLANG_WARN_INT_CONVERSION = YES;
				CLANG_WARN_NON_LITERAL_NULL_CONVERSION = YES;
				CLANG_WARN_OBJC_IMPLICIT_RETAIN_SELF = YES;
				CLANG_WARN_OBJC_LITERAL_CONVERSION = YES;
				CLANG_WARN_OBJC_ROOT_CLASS = YES_ERROR;
				CLANG_WARN_QUOTED_INCLUDE_IN_FRAMEWORK_HEADER = YES;
				CLANG_WARN_RANGE_LOOP_ANALYSIS = YES;
				CLANG_WARN_STRICT_PROTOTYPES = YES;
				CLANG_WARN_SUSPICIOUS_MOVE = YES;
				CLANG_WARN_UNREACHABLE_CODE = YES;
				CLANG_WARN__DUPLICATE_METHOD_MATCH = YES;
				"CODE_SIGN_IDENTITY[sdk=iphoneos*]" = "iPhone Developer";
				COPY_PHASE_STRIP = NO;
				ENABLE_STRICT_OBJC_MSGSEND = YES;
				ENABLE_TESTABILITY = YES;
				"EXCLUDED_ARCHS[sdk=iphonesimulator*]" = i386;
				GCC_C_LANGUAGE_STANDARD = gnu99;
				GCC_DYNAMIC_NO_PIC = NO;
				GCC_NO_COMMON_BLOCKS = YES;
				GCC_OPTIMIZATION_LEVEL = 0;
				GCC_PREPROCESSOR_DEFINITIONS = (
					"DEBUG=1",
					"$(inherited)",
				);
				GCC_SYMBOLS_PRIVATE_EXTERN = NO;
				GCC_WARN_64_TO_32_BIT_CONVERSION = YES;
				GCC_WARN_ABOUT_RETURN_TYPE = YES_ERROR;
				GCC_WARN_UNDECLARED_SELECTOR = YES;
				GCC_WARN_UNINITIALIZED_AUTOS = YES_AGGRESSIVE;
				GCC_WARN_UNUSED_FUNCTION = YES;
				GCC_WARN_UNUSED_VARIABLE = YES;
				IPHONEOS_DEPLOYMENT_TARGET = 12.4;
				LD_RUNPATH_SEARCH_PATHS = (
					/usr/lib/swift,
					"$(inherited)",
				);
				LIBRARY_SEARCH_PATHS = (
					"\"$(SDKROOT)/usr/lib/swift\"",
					"\"$(TOOLCHAIN_DIR)/usr/lib/swift/$(PLATFORM_NAME)\"",
					"\"$(inherited)\"",
				);
				MTL_ENABLE_DEBUG_INFO = YES;
				ONLY_ACTIVE_ARCH = YES;
				OTHER_CPLUSPLUSFLAGS = (
					"$(OTHER_CFLAGS)",
					"-DFOLLY_NO_CONFIG",
					"-DFOLLY_MOBILE=1",
					"-DFOLLY_USE_LIBCPP=1",
				);
				REACT_NATIVE_PATH = "${PODS_ROOT}/../../node_modules/react-native";
				SDKROOT = iphoneos;
			};
			name = Debug;
		};
		83CBBA211A601CBA00E9B192 /* Release */ = {
			isa = XCBuildConfiguration;
			buildSettings = {
				ALWAYS_SEARCH_USER_PATHS = NO;
				CLANG_ANALYZER_LOCALIZABILITY_NONLOCALIZED = YES;
				CLANG_CXX_LANGUAGE_STANDARD = "c++17";
				CLANG_CXX_LIBRARY = "libc++";
				CLANG_ENABLE_MODULES = YES;
				CLANG_ENABLE_OBJC_ARC = YES;
				CLANG_WARN_BLOCK_CAPTURE_AUTORELEASING = YES;
				CLANG_WARN_BOOL_CONVERSION = YES;
				CLANG_WARN_COMMA = YES;
				CLANG_WARN_CONSTANT_CONVERSION = YES;
				CLANG_WARN_DEPRECATED_OBJC_IMPLEMENTATIONS = YES;
				CLANG_WARN_DIRECT_OBJC_ISA_USAGE = YES_ERROR;
				CLANG_WARN_EMPTY_BODY = YES;
				CLANG_WARN_ENUM_CONVERSION = YES;
				CLANG_WARN_INFINITE_RECURSION = YES;
				CLANG_WARN_INT_CONVERSION = YES;
				CLANG_WARN_NON_LITERAL_NULL_CONVERSION = YES;
				CLANG_WARN_OBJC_IMPLICIT_RETAIN_SELF = YES;
				CLANG_WARN_OBJC_LITERAL_CONVERSION = YES;
				CLANG_WARN_OBJC_ROOT_CLASS = YES_ERROR;
				CLANG_WARN_QUOTED_INCLUDE_IN_FRAMEWORK_HEADER = YES;
				CLANG_WARN_RANGE_LOOP_ANALYSIS = YES;
				CLANG_WARN_STRICT_PROTOTYPES = YES;
				CLANG_WARN_SUSPICIOUS_MOVE = YES;
				CLANG_WARN_UNREACHABLE_CODE = YES;
				CLANG_WARN__DUPLICATE_METHOD_MATCH = YES;
				"CODE_SIGN_IDENTITY[sdk=iphoneos*]" = "iPhone Developer";
				COPY_PHASE_STRIP = YES;
				ENABLE_NS_ASSERTIONS = NO;
				ENABLE_STRICT_OBJC_MSGSEND = YES;
				"EXCLUDED_ARCHS[sdk=iphonesimulator*]" = i386;
				GCC_C_LANGUAGE_STANDARD = gnu99;
				GCC_NO_COMMON_BLOCKS = YES;
				GCC_WARN_64_TO_32_BIT_CONVERSION = YES;
				GCC_WARN_ABOUT_RETURN_TYPE = YES_ERROR;
				GCC_WARN_UNDECLARED_SELECTOR = YES;
				GCC_WARN_UNINITIALIZED_AUTOS = YES_AGGRESSIVE;
				GCC_WARN_UNUSED_FUNCTION = YES;
				GCC_WARN_UNUSED_VARIABLE = YES;
				IPHONEOS_DEPLOYMENT_TARGET = 12.4;
				LD_RUNPATH_SEARCH_PATHS = (
					/usr/lib/swift,
					"$(inherited)",
				);
				LIBRARY_SEARCH_PATHS = (
					"\"$(SDKROOT)/usr/lib/swift\"",
					"\"$(TOOLCHAIN_DIR)/usr/lib/swift/$(PLATFORM_NAME)\"",
					"\"$(inherited)\"",
				);
				MTL_ENABLE_DEBUG_INFO = NO;
				OTHER_CPLUSPLUSFLAGS = (
					"$(OTHER_CFLAGS)",
					"-DFOLLY_NO_CONFIG",
					"-DFOLLY_MOBILE=1",
					"-DFOLLY_USE_LIBCPP=1",
				);
				REACT_NATIVE_PATH = "${PODS_ROOT}/../../node_modules/react-native";
				SDKROOT = iphoneos;
				VALIDATE_PRODUCT = YES;
			};
			name = Release;
		};
/* End XCBuildConfiguration section */

/* Begin XCConfigurationList section */
		00E357021AD99517003FC87E /* Build configuration list for PBXNativeTarget "TestProjectLib1Tests" */ = {
			isa = XCConfigurationList;
			buildConfigurations = (
				00E356F61AD99517003FC87E /* Debug */,
				00E356F71AD99517003FC87E /* Release */,
			);
			defaultConfigurationIsVisible = 0;
			defaultConfigurationName = Release;
		};
		13B07F931A680F5B00A75B9A /* Build configuration list for PBXNativeTarget "TestProjectLib1" */ = {
			isa = XCConfigurationList;
			buildConfigurations = (
				13B07F941A680F5B00A75B9A /* Debug */,
				13B07F951A680F5B00A75B9A /* Release */,
			);
			defaultConfigurationIsVisible = 0;
			defaultConfigurationName = Release;
		};
		83CBB9FA1A601CBA00E9B192 /* Build configuration list for PBXProject "TestProjectLib1" */ = {
			isa = XCConfigurationList;
			buildConfigurations = (
				83CBBA201A601CBA00E9B192 /* Debug */,
				83CBBA211A601CBA00E9B192 /* Release */,
			);
			defaultConfigurationIsVisible = 0;
			defaultConfigurationName = Release;
		};
/* End XCConfigurationList section */
	};
	rootObject = 83CBB9F71A601CBA00E9B192 /* Project object */;
}
